// !$*UTF8*$!
{
	archiveVersion = 1;
	classes = {
	};
	objectVersion = 46;
	objects = {

/* Begin PBXBuildFile section */
		FF62BB781E969D65006375E4 /* AppDelegate.swift in Sources */ = {isa = PBXBuildFile; fileRef = FF62BB771E969D65006375E4 /* AppDelegate.swift */; };
		FF62BB7A1E969D65006375E4 /* ViewController.swift in Sources */ = {isa = PBXBuildFile; fileRef = FF62BB791E969D65006375E4 /* ViewController.swift */; };
		FF62BB7D1E969D65006375E4 /* Main.storyboard in Resources */ = {isa = PBXBuildFile; fileRef = FF62BB7B1E969D65006375E4 /* Main.storyboard */; };
		FF62BB7F1E969D65006375E4 /* Assets.xcassets in Resources */ = {isa = PBXBuildFile; fileRef = FF62BB7E1E969D65006375E4 /* Assets.xcassets */; };
		FF62BB821E969D65006375E4 /* LaunchScreen.storyboard in Resources */ = {isa = PBXBuildFile; fileRef = FF62BB801E969D65006375E4 /* LaunchScreen.storyboard */; };
/* End PBXBuildFile section */

/* Begin PBXFileReference section */
		FF62BB741E969D65006375E4 /* nixieControl1.app */ = {isa = PBXFileReference; explicitFileType = wrapper.application; includeInIndex = 0; path = nixieControl1.app; sourceTree = BUILT_PRODUCTS_DIR; };
		FF62BB771E969D65006375E4 /* AppDelegate.swift */ = {isa = PBXFileReference; lastKnownFileType = sourcecode.swift; path = AppDelegate.swift; sourceTree = "<group>"; };
		FF62BB791E969D65006375E4 /* ViewController.swift */ = {isa = PBXFileReference; lastKnownFileType = sourcecode.swift; path = ViewController.swift; sourceTree = "<group>"; };
		FF62BB7C1E969D65006375E4 /* Base */ = {isa = PBXFileReference; lastKnownFileType = file.storyboard; name = Base; path = Base.lproj/Main.storyboard; sourceTree = "<group>"; };
		FF62BB7E1E969D65006375E4 /* Assets.xcassets */ = {isa = PBXFileReference; lastKnownFileType = folder.assetcatalog; path = Assets.xcassets; sourceTree = "<group>"; };
		FF62BB811E969D65006375E4 /* Base */ = {isa = PBXFileReference; lastKnownFileType = file.storyboard; name = Base; path = Base.lproj/LaunchScreen.storyboard; sourceTree = "<group>"; };
		FF62BB831E969D65006375E4 /* Info.plist */ = {isa = PBXFileReference; lastKnownFileType = text.plist.xml; path = Info.plist; sourceTree = "<group>"; };
/* End PBXFileReference section */

/* Begin PBXFrameworksBuildPhase section */
		FF62BB711E969D65006375E4 /* Frameworks */ = {
			isa = PBXFrameworksBuildPhase;
			buildActionMask = 2147483647;
			files = (
			);
			runOnlyForDeploymentPostprocessing = 0;
		};
/* End PBXFrameworksBuildPhase section */

/* Begin PBXGroup section */
		FF62BB6B1E969D65006375E4 = {
			isa = PBXGroup;
			children = (
				FF62BB761E969D65006375E4 /* nixieControl1 */,
				FF62BB751E969D65006375E4 /* Products */,
			);
			sourceTree = "<group>";
		};
		FF62BB751E969D65006375E4 /* Products */ = {
			isa = PBXGroup;
			children = (
				FF62BB741E969D65006375E4 /* nixieControl1.app */,
			);
			name = Products;
			sourceTree = "<group>";
		};
		FF62BB761E969D65006375E4 /* nixieControl1 */ = {
			isa = PBXGroup;
			children = (
				FF62BB771E969D65006375E4 /* AppDelegate.swift */,
				FF62BB791E969D65006375E4 /* ViewController.swift */,
				FF62BB7B1E969D65006375E4 /* Main.storyboard */,
				FF62BB7E1E969D65006375E4 /* Assets.xcassets */,
				FF62BB801E969D65006375E4 /* LaunchScreen.storyboard */,
				FF62BB831E969D65006375E4 /* Info.plist */,
			);
			path = nixieControl1;
			sourceTree = "<group>";
		};
/* End PBXGroup section */

/* Begin PBXNativeTarget section */
		FF62BB731E969D65006375E4 /* nixieControl1 */ = {
			isa = PBXNativeTarget;
			buildConfigurationList = FF62BB861E969D65006375E4 /* Build configuration list for PBXNativeTarget "nixieControl1" */;
			buildPhases = (
				FF62BB701E969D65006375E4 /* Sources */,
				FF62BB711E969D65006375E4 /* Frameworks */,
				FF62BB721E969D65006375E4 /* Resources */,
			);
			buildRules = (
			);
			dependencies = (
			);
			name = nixieControl1;
			productName = nixieControl1;
			productReference = FF62BB741E969D65006375E4 /* nixieControl1.app */;
			productType = "com.apple.product-type.application";
		};
/* End PBXNativeTarget section */

/* Begin PBXProject section */
		FF62BB6C1E969D65006375E4 /* Project object */ = {
			isa = PBXProject;
			attributes = {
				LastSwiftUpdateCheck = 0820;
				LastUpgradeCheck = 0820;
				ORGANIZATIONNAME = "Mariano Elia";
				TargetAttributes = {
					FF62BB731E969D65006375E4 = {
						CreatedOnToolsVersion = 8.2.1;
						DevelopmentTeam = 7FA2EN8TMT;
						ProvisioningStyle = Automatic;
					};
				};
			};
			buildConfigurationList = FF62BB6F1E969D65006375E4 /* Build configuration list for PBXProject "nixieControl1" */;
			compatibilityVersion = "Xcode 3.2";
			developmentRegion = English;
			hasScannedForEncodings = 0;
			knownRegions = (
				en,
				Base,
			);
			mainGroup = FF62BB6B1E969D65006375E4;
			productRefGroup = FF62BB751E969D65006375E4 /* Products */;
			projectDirPath = "";
			projectRoot = "";
			targets = (
				FF62BB731E969D65006375E4 /* nixieControl1 */,
			);
		};
/* End PBXProject section */

/* Begin PBXResourcesBuildPhase section */
		FF62BB721E969D65006375E4 /* Resources */ = {
			isa = PBXResourcesBuildPhase;
			buildActionMask = 2147483647;
			files = (
				FF62BB821E969D65006375E4 /* LaunchScreen.storyboard in Resources */,
				FF62BB7F1E969D65006375E4 /* Assets.xcassets in Resources */,
				FF62BB7D1E969D65006375E4 /* Main.storyboard in Resources */,
			);
			runOnlyForDeploymentPostprocessing = 0;
		};
/* End PBXResourcesBuildPhase section */

/* Begin PBXSourcesBuildPhase section */
		FF62BB701E969D65006375E4 /* Sources */ = {
			isa = PBXSourcesBuildPhase;
			buildActionMask = 2147483647;
			files = (
				FF62BB7A1E969D65006375E4 /* ViewController.swift in Sources */,
				FF62BB781E969D65006375E4 /* AppDelegate.swift in Sources */,
			);
			runOnlyForDeploymentPostprocessing = 0;
		};
/* End PBXSourcesBuildPhase section */

/* Begin PBXVariantGroup section */
		FF62BB7B1E969D65006375E4 /* Main.storyboard */ = {
			isa = PBXVariantGroup;
			children = (
				FF62BB7C1E969D65006375E4 /* Base */,
			);
			name = Main.storyboard;
			sourceTree = "<group>";
		};
		FF62BB801E969D65006375E4 /* LaunchScreen.storyboard */ = {
			isa = PBXVariantGroup;
			children = (
				FF62BB811E969D65006375E4 /* Base */,
			);
			name = LaunchScreen.storyboard;
			sourceTree = "<group>";
		};
/* End PBXVariantGroup section */

/* Begin XCBuildConfiguration section */
		FF62BB841E969D65006375E4 /* Debug */ = {
			isa = XCBuildConfiguration;
			buildSettings = {
				ALWAYS_SEARCH_USER_PATHS = NO;
				CLANG_ANALYZER_NONNULL = YES;
				CLANG_CXX_LANGUAGE_STANDARD = "gnu++0x";
				CLANG_CXX_LIBRARY = "libc++";
				CLANG_ENABLE_MODULES = YES;
				CLANG_ENABLE_OBJC_ARC = YES;
				CLANG_WARN_BOOL_CONVERSION = YES;
				CLANG_WARN_CONSTANT_CONVERSION = YES;
				CLANG_WARN_DIRECT_OBJC_ISA_USAGE = YES_ERROR;
				CLANG_WARN_DOCUMENTATION_COMMENTS = YES;
				CLANG_WARN_EMPTY_BODY = YES;
				CLANG_WARN_ENUM_CONVERSION = YES;
				CLANG_WARN_INFINITE_RECURSION = YES;
				CLANG_WARN_INT_CONVERSION = YES;
				CLANG_WARN_OBJC_ROOT_CLASS = YES_ERROR;
				CLANG_WARN_SUSPICIOUS_MOVE = YES;
				CLANG_WARN_UNREACHABLE_CODE = YES;
				CLANG_WARN__DUPLICATE_METHOD_MATCH = YES;
				"CODE_SIGN_IDENTITY[sdk=iphoneos*]" = "iPhone Developer";
				COPY_PHASE_STRIP = NO;
				DEBUG_INFORMATION_FORMAT = dwarf;
				ENABLE_STRICT_OBJC_MSGSEND = YES;
				ENABLE_TESTABILITY = YES;
				GCC_C_LANGUAGE_STANDARD = gnu99;
				GCC_DYNAMIC_NO_PIC = NO;
				GCC_NO_COMMON_BLOCKS = YES;
				GCC_OPTIMIZATION_LEVEL = 0;
				GCC_PREPROCESSOR_DEFINITIONS = (
					"DEBUG=1",
					"$(inherited)",
				);
				GCC_WARN_64_TO_32_BIT_CONVERSION = YES;
				GCC_WARN_ABOUT_RETURN_TYPE = YES_ERROR;
				GCC_WARN_UNDECLARED_SELECTOR = YES;
				GCC_WARN_UNINITIALIZED_AUTOS = YES_AGGRESSIVE;
				GCC_WARN_UNUSED_FUNCTION = YES;
				GCC_WARN_UNUSED_VARIABLE = YES;
				IPHONEOS_DEPLOYMENT_TARGET = 10.2;
				MTL_ENABLE_DEBUG_INFO = YES;
				ONLY_ACTIVE_ARCH = YES;
				SDKROOT = iphoneos;
				SWIFT_ACTIVE_COMPILATION_CONDITIONS = DEBUG;
				SWIFT_OPTIMIZATION_LEVEL = "-Onone";
				TARGETED_DEVICE_FAMILY = "1,2";
			};
			name = Debug;
		};
		FF62BB851E969D65006375E4 /* Release */ = {
			isa = XCBuildConfiguration;
			buildSettings = {
				ALWAYS_SEARCH_USER_PATHS = NO;
				CLANG_ANALYZER_NONNULL = YES;
				CLANG_CXX_LANGUAGE_STANDARD = "gnu++0x";
				CLANG_CXX_LIBRARY = "libc++";
				CLANG_ENABLE_MODULES = YES;
				CLANG_ENABLE_OBJC_ARC = YES;
				CLANG_WARN_BOOL_CONVERSION = YES;
				CLANG_WARN_CONSTANT_CONVERSION = YES;
				CLANG_WARN_DIRECT_OBJC_ISA_USAGE = YES_ERROR;
				CLANG_WARN_DOCUMENTATION_COMMENTS = YES;
				CLANG_WARN_EMPTY_BODY = YES;
				CLANG_WARN_ENUM_CONVERSION = YES;
				CLANG_WARN_INFINITE_RECURSION = YES;
				CLANG_WARN_INT_CONVERSION = YES;
				CLANG_WARN_OBJC_ROOT_CLASS = YES_ERROR;
				CLANG_WARN_SUSPICIOUS_MOVE = YES;
				CLANG_WARN_UNREACHABLE_CODE = YES;
				CLANG_WARN__DUPLICATE_METHOD_MATCH = YES;
				"CODE_SIGN_IDENTITY[sdk=iphoneos*]" = "iPhone Developer";
				COPY_PHASE_STRIP = NO;
				DEBUG_INFORMATION_FORMAT = "dwarf-with-dsym";
				ENABLE_NS_ASSERTIONS = NO;
				ENABLE_STRICT_OBJC_MSGSEND = YES;
				GCC_C_LANGUAGE_STANDARD = gnu99;
				GCC_NO_COMMON_BLOCKS = YES;
				GCC_WARN_64_TO_32_BIT_CONVERSION = YES;
				GCC_WARN_ABOUT_RETURN_TYPE = YES_ERROR;
				GCC_WARN_UNDECLARED_SELECTOR = YES;
				GCC_WARN_UNINITIALIZED_AUTOS = YES_AGGRESSIVE;
				GCC_WARN_UNUSED_FUNCTION = YES;
				GCC_WARN_UNUSED_VARIABLE = YES;
				IPHONEOS_DEPLOYMENT_TARGET = 10.2;
				MTL_ENABLE_DEBUG_INFO = NO;
				SDKROOT = iphoneos;
				SWIFT_OPTIMIZATION_LEVEL = "-Owholemodule";
				TARGETED_DEVICE_FAMILY = "1,2";
				VALIDATE_PRODUCT = YES;
			};
			name = Release;
		};
		FF62BB871E969D65006375E4 /* Debug */ = {
			isa = XCBuildConfiguration;
			buildSettings = {
				ASSETCATALOG_COMPILER_APPICON_NAME = AppIcon;
				DEVELOPMENT_TEAM = 7FA2EN8TMT;
				INFOPLIST_FILE = nixieControl1/Info.plist;
				LD_RUNPATH_SEARCH_PATHS = "$(inherited) @executable_path/Frameworks";
				PRODUCT_BUNDLE_IDENTIFIER = com.mrelia.nixieControl1;
				PRODUCT_NAME = "$(TARGET_NAME)";
				SWIFT_VERSION = 3.0;
			};
			name = Debug;
		};
		FF62BB881E969D65006375E4 /* Release */ = {
			isa = XCBuildConfiguration;
			buildSettings = {
				ASSETCATALOG_COMPILER_APPICON_NAME = AppIcon;
				DEVELOPMENT_TEAM = 7FA2EN8TMT;
				INFOPLIST_FILE = nixieControl1/Info.plist;
				LD_RUNPATH_SEARCH_PATHS = "$(inherited) @executable_path/Frameworks";
				PRODUCT_BUNDLE_IDENTIFIER = com.mrelia.nixieControl1;
				PRODUCT_NAME = "$(TARGET_NAME)";
				SWIFT_VERSION = 3.0;
			};
			name = Release;
		};
/* End XCBuildConfiguration section */

/* Begin XCConfigurationList section */
		FF62BB6F1E969D65006375E4 /* Build configuration list for PBXProject "nixieControl1" */ = {
			isa = XCConfigurationList;
			buildConfigurations = (
				FF62BB841E969D65006375E4 /* Debug */,
				FF62BB851E969D65006375E4 /* Release */,
			);
			defaultConfigurationIsVisible = 0;
			defaultConfigurationName = Release;
		};
		FF62BB861E969D65006375E4 /* Build configuration list for PBXNativeTarget "nixieControl1" */ = {
			isa = XCConfigurationList;
			buildConfigurations = (
				FF62BB871E969D65006375E4 /* Debug */,
				FF62BB881E969D65006375E4 /* Release */,
			);
			defaultConfigurationIsVisible = 0;
		};
/* End XCConfigurationList section */
	};
	rootObject = FF62BB6C1E969D65006375E4 /* Project object */;
}
